
Microsoft Visual Studio Solution File, Format Version 12.00
# Visual Studio Version 17
VisualStudioVersion = 17.5.002.0
MinimumVisualStudioVersion = 10.0.40219.1
Project("{2150E333-8FDC-42A3-9474-1A3956D46DE8}") = "seminar_ 1", "seminar_ 1", "{0B838D1D-3BE6-4645-99A6-C3CF87CC5DD8}"
EndProject
Project("{2150E333-8FDC-42A3-9474-1A3956D46DE8}") = "Tasks", "Tasks", "{FC2AF9EC-9A33-4354-8C33-EB1ADF52AC7F}"
EndProject
Project("{9A19103F-16F7-4668-BE54-9A1E7A4F7556}") = "Tasks_001", "seminar_ 1\Tasks\Tasks_001\Tasks_001.csproj", "{47A3CF73-B3CD-4F91-AAB3-F1ECE5B66BAE}"
EndProject
Project("{9A19103F-16F7-4668-BE54-9A1E7A4F7556}") = "Tasks_002", "seminar_ 1\Tasks\Tasks_002\Tasks_002.csproj", "{D26792A7-533A-4C49-BCDE-66D74B723C08}"
EndProject
Project("{9A19103F-16F7-4668-BE54-9A1E7A4F7556}") = "Tasks_003", "seminar_ 1\Tasks\Tasks_003\Tasks_003.csproj", "{954DB1DA-E177-4E08-89C0-AF64333B7C45}"
EndProject
Project("{9A19103F-16F7-4668-BE54-9A1E7A4F7556}") = "Tasks_004", "seminar_ 1\Tasks\Tasks_004\Tasks_004.csproj", "{133B124D-76D7-461A-A5CC-26287CB28284}"
EndProject
Project("{2150E333-8FDC-42A3-9474-1A3956D46DE8}") = "seminar_ 2", "seminar_ 2", "{888B633C-979B-4896-B418-3782A247CD5E}"
EndProject
Project("{2150E333-8FDC-42A3-9474-1A3956D46DE8}") = "Tasks", "Tasks", "{FB2ECB70-B334-42BD-B00A-61B28C46EA6F}"
EndProject
Project("{9A19103F-16F7-4668-BE54-9A1E7A4F7556}") = "Tasks_1", "seminar_ 2\Tasks\Tasks_1\Tasks_1.csproj", "{AFE610F1-40B2-41DC-B5EE-55522015B9DE}"
EndProject
Project("{9A19103F-16F7-4668-BE54-9A1E7A4F7556}") = "Tasks_2", "seminar_ 2\Tasks\Tasks_2\Tasks_2.csproj", "{477B6EF0-6B68-4749-BA2F-3F9351B55189}"
EndProject
Project("{9A19103F-16F7-4668-BE54-9A1E7A4F7556}") = "Tasks_3", "seminar_ 2\Tasks\Tasks_3\Tasks_3.csproj", "{A90C08CA-36AF-48DB-896F-4F25E68284D4}"
EndProject
Global
	GlobalSection(SolutionConfigurationPlatforms) = preSolution
		Debug|Any CPU = Debug|Any CPU
		Release|Any CPU = Release|Any CPU
	EndGlobalSection
	GlobalSection(ProjectConfigurationPlatforms) = postSolution
		{47A3CF73-B3CD-4F91-AAB3-F1ECE5B66BAE}.Debug|Any CPU.ActiveCfg = Debug|Any CPU
		{47A3CF73-B3CD-4F91-AAB3-F1ECE5B66BAE}.Debug|Any CPU.Build.0 = Debug|Any CPU
		{47A3CF73-B3CD-4F91-AAB3-F1ECE5B66BAE}.Release|Any CPU.ActiveCfg = Release|Any CPU
		{47A3CF73-B3CD-4F91-AAB3-F1ECE5B66BAE}.Release|Any CPU.Build.0 = Release|Any CPU
		{D26792A7-533A-4C49-BCDE-66D74B723C08}.Debug|Any CPU.ActiveCfg = Debug|Any CPU
		{D26792A7-533A-4C49-BCDE-66D74B723C08}.Debug|Any CPU.Build.0 = Debug|Any CPU
		{D26792A7-533A-4C49-BCDE-66D74B723C08}.Release|Any CPU.ActiveCfg = Release|Any CPU
		{D26792A7-533A-4C49-BCDE-66D74B723C08}.Release|Any CPU.Build.0 = Release|Any CPU
		{954DB1DA-E177-4E08-89C0-AF64333B7C45}.Debug|Any CPU.ActiveCfg = Debug|Any CPU
		{954DB1DA-E177-4E08-89C0-AF64333B7C45}.Debug|Any CPU.Build.0 = Debug|Any CPU
		{954DB1DA-E177-4E08-89C0-AF64333B7C45}.Release|Any CPU.ActiveCfg = Release|Any CPU
		{954DB1DA-E177-4E08-89C0-AF64333B7C45}.Release|Any CPU.Build.0 = Release|Any CPU
		{133B124D-76D7-461A-A5CC-26287CB28284}.Debug|Any CPU.ActiveCfg = Debug|Any CPU
		{133B124D-76D7-461A-A5CC-26287CB28284}.Debug|Any CPU.Build.0 = Debug|Any CPU
		{133B124D-76D7-461A-A5CC-26287CB28284}.Release|Any CPU.ActiveCfg = Release|Any CPU
		{133B124D-76D7-461A-A5CC-26287CB28284}.Release|Any CPU.Build.0 = Release|Any CPU
		{AFE610F1-40B2-41DC-B5EE-55522015B9DE}.Debug|Any CPU.ActiveCfg = Debug|Any CPU
		{AFE610F1-40B2-41DC-B5EE-55522015B9DE}.Debug|Any CPU.Build.0 = Debug|Any CPU
		{AFE610F1-40B2-41DC-B5EE-55522015B9DE}.Release|Any CPU.ActiveCfg = Release|Any CPU
		{AFE610F1-40B2-41DC-B5EE-55522015B9DE}.Release|Any CPU.Build.0 = Release|Any CPU
		{477B6EF0-6B68-4749-BA2F-3F9351B55189}.Debug|Any CPU.ActiveCfg = Debug|Any CPU
		{477B6EF0-6B68-4749-BA2F-3F9351B55189}.Debug|Any CPU.Build.0 = Debug|Any CPU
		{477B6EF0-6B68-4749-BA2F-3F9351B55189}.Release|Any CPU.ActiveCfg = Release|Any CPU
		{477B6EF0-6B68-4749-BA2F-3F9351B55189}.Release|Any CPU.Build.0 = Release|Any CPU
		{A90C08CA-36AF-48DB-896F-4F25E68284D4}.Debug|Any CPU.ActiveCfg = Debug|Any CPU
		{A90C08CA-36AF-48DB-896F-4F25E68284D4}.Debug|Any CPU.Build.0 = Debug|Any CPU
		{A90C08CA-36AF-48DB-896F-4F25E68284D4}.Release|Any CPU.ActiveCfg = Release|Any CPU
		{A90C08CA-36AF-48DB-896F-4F25E68284D4}.Release|Any CPU.Build.0 = Release|Any CPU
	EndGlobalSection
	GlobalSection(SolutionProperties) = preSolution
		HideSolutionNode = FALSE
	EndGlobalSection
	GlobalSection(NestedProjects) = preSolution
		{FC2AF9EC-9A33-4354-8C33-EB1ADF52AC7F} = {0B838D1D-3BE6-4645-99A6-C3CF87CC5DD8}
		{47A3CF73-B3CD-4F91-AAB3-F1ECE5B66BAE} = {FC2AF9EC-9A33-4354-8C33-EB1ADF52AC7F}
		{D26792A7-533A-4C49-BCDE-66D74B723C08} = {FC2AF9EC-9A33-4354-8C33-EB1ADF52AC7F}
		{954DB1DA-E177-4E08-89C0-AF64333B7C45} = {FC2AF9EC-9A33-4354-8C33-EB1ADF52AC7F}
		{133B124D-76D7-461A-A5CC-26287CB28284} = {FC2AF9EC-9A33-4354-8C33-EB1ADF52AC7F}
		{FB2ECB70-B334-42BD-B00A-61B28C46EA6F} = {888B633C-979B-4896-B418-3782A247CD5E}
		{AFE610F1-40B2-41DC-B5EE-55522015B9DE} = {FB2ECB70-B334-42BD-B00A-61B28C46EA6F}
		{477B6EF0-6B68-4749-BA2F-3F9351B55189} = {FB2ECB70-B334-42BD-B00A-61B28C46EA6F}
		{A90C08CA-36AF-48DB-896F-4F25E68284D4} = {FB2ECB70-B334-42BD-B00A-61B28C46EA6F}
	EndGlobalSection
	GlobalSection(ExtensibilityGlobals) = postSolution
		SolutionGuid = {BA3DB844-1950-4D0A-B0F3-107A0D874391}
	EndGlobalSection
EndGlobal
